// !$*UTF8*$!
{
	archiveVersion = 1;
	classes = {
	};
	objectVersion = 55;
	objects = {

/* Begin PBXBuildFile section */
		85925A192913239100704440 /* ActorsV2App.swift in Sources */ = {isa = PBXBuildFile; fileRef = 85925A182913239100704440 /* ActorsV2App.swift */; };
		85925A1B2913239100704440 /* MainView.swift in Sources */ = {isa = PBXBuildFile; fileRef = 85925A1A2913239100704440 /* MainView.swift */; };
		85925A1D2913239200704440 /* Assets.xcassets in Resources */ = {isa = PBXBuildFile; fileRef = 85925A1C2913239200704440 /* Assets.xcassets */; };
		85925A202913239200704440 /* Preview Assets.xcassets in Resources */ = {isa = PBXBuildFile; fileRef = 85925A1F2913239200704440 /* Preview Assets.xcassets */; };
		85925A2A2913239200704440 /* ActorsV2Tests.swift in Sources */ = {isa = PBXBuildFile; fileRef = 85925A292913239200704440 /* ActorsV2Tests.swift */; };
		85925A342913239200704440 /* ActorsV2UITests.swift in Sources */ = {isa = PBXBuildFile; fileRef = 85925A332913239200704440 /* ActorsV2UITests.swift */; };
		85925A362913239200704440 /* ActorsV2UITestsLaunchTests.swift in Sources */ = {isa = PBXBuildFile; fileRef = 85925A352913239200704440 /* ActorsV2UITestsLaunchTests.swift */; };
		85925A43291323DB00704440 /* FavView.swift in Sources */ = {isa = PBXBuildFile; fileRef = 85925A42291323DB00704440 /* FavView.swift */; };
		85925A452913244E00704440 /* SearchView.swift in Sources */ = {isa = PBXBuildFile; fileRef = 85925A442913244E00704440 /* SearchView.swift */; };
		85925A472913274500704440 /* Model.swift in Sources */ = {isa = PBXBuildFile; fileRef = 85925A462913274500704440 /* Model.swift */; };
		85925A4929138A3E00704440 /* SeriesMovieView.swift in Sources */ = {isa = PBXBuildFile; fileRef = 85925A4829138A3E00704440 /* SeriesMovieView.swift */; };
		85925A4D29144E4F00704440 /* ActorView.swift in Sources */ = {isa = PBXBuildFile; fileRef = 85925A4C29144E4F00704440 /* ActorView.swift */; };
/* End PBXBuildFile section */

/* Begin PBXContainerItemProxy section */
		85925A262913239200704440 /* PBXContainerItemProxy */ = {
			isa = PBXContainerItemProxy;
			containerPortal = 85925A0D2913239100704440 /* Project object */;
			proxyType = 1;
			remoteGlobalIDString = 85925A142913239100704440;
			remoteInfo = ActorsV2;
		};
		85925A302913239200704440 /* PBXContainerItemProxy */ = {
			isa = PBXContainerItemProxy;
			containerPortal = 85925A0D2913239100704440 /* Project object */;
			proxyType = 1;
			remoteGlobalIDString = 85925A142913239100704440;
			remoteInfo = ActorsV2;
		};
/* End PBXContainerItemProxy section */

/* Begin PBXFileReference section */
		85925A152913239100704440 /* ActorsV2.app */ = {isa = PBXFileReference; explicitFileType = wrapper.application; includeInIndex = 0; path = ActorsV2.app; sourceTree = BUILT_PRODUCTS_DIR; };
		85925A182913239100704440 /* ActorsV2App.swift */ = {isa = PBXFileReference; lastKnownFileType = sourcecode.swift; path = ActorsV2App.swift; sourceTree = "<group>"; };
		85925A1A2913239100704440 /* MainView.swift */ = {isa = PBXFileReference; lastKnownFileType = sourcecode.swift; path = MainView.swift; sourceTree = "<group>"; };
		85925A1C2913239200704440 /* Assets.xcassets */ = {isa = PBXFileReference; lastKnownFileType = folder.assetcatalog; path = Assets.xcassets; sourceTree = "<group>"; };
		85925A1F2913239200704440 /* Preview Assets.xcassets */ = {isa = PBXFileReference; lastKnownFileType = folder.assetcatalog; path = "Preview Assets.xcassets"; sourceTree = "<group>"; };
		85925A252913239200704440 /* ActorsV2Tests.xctest */ = {isa = PBXFileReference; explicitFileType = wrapper.cfbundle; includeInIndex = 0; path = ActorsV2Tests.xctest; sourceTree = BUILT_PRODUCTS_DIR; };
		85925A292913239200704440 /* ActorsV2Tests.swift */ = {isa = PBXFileReference; lastKnownFileType = sourcecode.swift; path = ActorsV2Tests.swift; sourceTree = "<group>"; };
		85925A2F2913239200704440 /* ActorsV2UITests.xctest */ = {isa = PBXFileReference; explicitFileType = wrapper.cfbundle; includeInIndex = 0; path = ActorsV2UITests.xctest; sourceTree = BUILT_PRODUCTS_DIR; };
		85925A332913239200704440 /* ActorsV2UITests.swift */ = {isa = PBXFileReference; lastKnownFileType = sourcecode.swift; path = ActorsV2UITests.swift; sourceTree = "<group>"; };
		85925A352913239200704440 /* ActorsV2UITestsLaunchTests.swift */ = {isa = PBXFileReference; lastKnownFileType = sourcecode.swift; path = ActorsV2UITestsLaunchTests.swift; sourceTree = "<group>"; };
		85925A42291323DB00704440 /* FavView.swift */ = {isa = PBXFileReference; lastKnownFileType = sourcecode.swift; path = FavView.swift; sourceTree = "<group>"; };
		85925A442913244E00704440 /* SearchView.swift */ = {isa = PBXFileReference; lastKnownFileType = sourcecode.swift; path = SearchView.swift; sourceTree = "<group>"; };
		85925A462913274500704440 /* Model.swift */ = {isa = PBXFileReference; lastKnownFileType = sourcecode.swift; path = Model.swift; sourceTree = "<group>"; };
		85925A4829138A3E00704440 /* SeriesMovieView.swift */ = {isa = PBXFileReference; lastKnownFileType = sourcecode.swift; path = SeriesMovieView.swift; sourceTree = "<group>"; };
		85925A4C29144E4F00704440 /* ActorView.swift */ = {isa = PBXFileReference; lastKnownFileType = sourcecode.swift; path = ActorView.swift; sourceTree = "<group>"; };
/* End PBXFileReference section */

/* Begin PBXFrameworksBuildPhase section */
		85925A122913239100704440 /* Frameworks */ = {
			isa = PBXFrameworksBuildPhase;
			buildActionMask = 2147483647;
			files = (
			);
			runOnlyForDeploymentPostprocessing = 0;
		};
		85925A222913239200704440 /* Frameworks */ = {
			isa = PBXFrameworksBuildPhase;
			buildActionMask = 2147483647;
			files = (
			);
			runOnlyForDeploymentPostprocessing = 0;
		};
		85925A2C2913239200704440 /* Frameworks */ = {
			isa = PBXFrameworksBuildPhase;
			buildActionMask = 2147483647;
			files = (
			);
			runOnlyForDeploymentPostprocessing = 0;
		};
/* End PBXFrameworksBuildPhase section */

/* Begin PBXGroup section */
		85925A0C2913239100704440 = {
			isa = PBXGroup;
			children = (
				85925A172913239100704440 /* ActorsV2 */,
				85925A282913239200704440 /* ActorsV2Tests */,
				85925A322913239200704440 /* ActorsV2UITests */,
				85925A162913239100704440 /* Products */,
			);
			sourceTree = "<group>";
		};
		85925A162913239100704440 /* Products */ = {
			isa = PBXGroup;
			children = (
				85925A152913239100704440 /* ActorsV2.app */,
				85925A252913239200704440 /* ActorsV2Tests.xctest */,
				85925A2F2913239200704440 /* ActorsV2UITests.xctest */,
			);
			name = Products;
			sourceTree = "<group>";
		};
		85925A172913239100704440 /* ActorsV2 */ = {
			isa = PBXGroup;
			children = (
				85925A182913239100704440 /* ActorsV2App.swift */,
				85925A1A2913239100704440 /* MainView.swift */,
				85925A1C2913239200704440 /* Assets.xcassets */,
				85925A1E2913239200704440 /* Preview Content */,
				85925A42291323DB00704440 /* FavView.swift */,
				85925A442913244E00704440 /* SearchView.swift */,
				85925A462913274500704440 /* Model.swift */,
				85925A4829138A3E00704440 /* SeriesMovieView.swift */,
				85925A4C29144E4F00704440 /* ActorView.swift */,
			);
			path = ActorsV2;
			sourceTree = "<group>";
		};
		85925A1E2913239200704440 /* Preview Content */ = {
			isa = PBXGroup;
			children = (
				85925A1F2913239200704440 /* Preview Assets.xcassets */,
			);
			path = "Preview Content";
			sourceTree = "<group>";
		};
		85925A282913239200704440 /* ActorsV2Tests */ = {
			isa = PBXGroup;
			children = (
				85925A292913239200704440 /* ActorsV2Tests.swift */,
			);
			path = ActorsV2Tests;
			sourceTree = "<group>";
		};
		85925A322913239200704440 /* ActorsV2UITests */ = {
			isa = PBXGroup;
			children = (
				85925A332913239200704440 /* ActorsV2UITests.swift */,
				85925A352913239200704440 /* ActorsV2UITestsLaunchTests.swift */,
			);
			path = ActorsV2UITests;
			sourceTree = "<group>";
		};
/* End PBXGroup section */

/* Begin PBXNativeTarget section */
		85925A142913239100704440 /* ActorsV2 */ = {
			isa = PBXNativeTarget;
			buildConfigurationList = 85925A392913239200704440 /* Build configuration list for PBXNativeTarget "ActorsV2" */;
			buildPhases = (
				85925A112913239100704440 /* Sources */,
				85925A122913239100704440 /* Frameworks */,
				85925A132913239100704440 /* Resources */,
			);
			buildRules = (
			);
			dependencies = (
			);
			name = ActorsV2;
			productName = ActorsV2;
			productReference = 85925A152913239100704440 /* ActorsV2.app */;
			productType = "com.apple.product-type.application";
		};
		85925A242913239200704440 /* ActorsV2Tests */ = {
			isa = PBXNativeTarget;
			buildConfigurationList = 85925A3C2913239200704440 /* Build configuration list for PBXNativeTarget "ActorsV2Tests" */;
			buildPhases = (
				85925A212913239200704440 /* Sources */,
				85925A222913239200704440 /* Frameworks */,
				85925A232913239200704440 /* Resources */,
			);
			buildRules = (
			);
			dependencies = (
				85925A272913239200704440 /* PBXTargetDependency */,
			);
			name = ActorsV2Tests;
			productName = ActorsV2Tests;
			productReference = 85925A252913239200704440 /* ActorsV2Tests.xctest */;
			productType = "com.apple.product-type.bundle.unit-test";
		};
		85925A2E2913239200704440 /* ActorsV2UITests */ = {
			isa = PBXNativeTarget;
			buildConfigurationList = 85925A3F2913239200704440 /* Build configuration list for PBXNativeTarget "ActorsV2UITests" */;
			buildPhases = (
				85925A2B2913239200704440 /* Sources */,
				85925A2C2913239200704440 /* Frameworks */,
				85925A2D2913239200704440 /* Resources */,
			);
			buildRules = (
			);
			dependencies = (
				85925A312913239200704440 /* PBXTargetDependency */,
			);
			name = ActorsV2UITests;
			productName = ActorsV2UITests;
			productReference = 85925A2F2913239200704440 /* ActorsV2UITests.xctest */;
			productType = "com.apple.product-type.bundle.ui-testing";
		};
/* End PBXNativeTarget section */

/* Begin PBXProject section */
		85925A0D2913239100704440 /* Project object */ = {
			isa = PBXProject;
			attributes = {
				BuildIndependentTargetsInParallel = 1;
				LastSwiftUpdateCheck = 1340;
				LastUpgradeCheck = 1340;
				TargetAttributes = {
					85925A142913239100704440 = {
						CreatedOnToolsVersion = 13.4.1;
					};
					85925A242913239200704440 = {
						CreatedOnToolsVersion = 13.4.1;
						TestTargetID = 85925A142913239100704440;
					};
					85925A2E2913239200704440 = {
						CreatedOnToolsVersion = 13.4.1;
						TestTargetID = 85925A142913239100704440;
					};
				};
			};
			buildConfigurationList = 85925A102913239100704440 /* Build configuration list for PBXProject "ActorsV2" */;
			compatibilityVersion = "Xcode 13.0";
			developmentRegion = en;
			hasScannedForEncodings = 0;
			knownRegions = (
				en,
				Base,
			);
			mainGroup = 85925A0C2913239100704440;
			productRefGroup = 85925A162913239100704440 /* Products */;
			projectDirPath = "";
			projectRoot = "";
			targets = (
				85925A142913239100704440 /* ActorsV2 */,
				85925A242913239200704440 /* ActorsV2Tests */,
				85925A2E2913239200704440 /* ActorsV2UITests */,
			);
		};
/* End PBXProject section */

/* Begin PBXResourcesBuildPhase section */
		85925A132913239100704440 /* Resources */ = {
			isa = PBXResourcesBuildPhase;
			buildActionMask = 2147483647;
			files = (
				85925A202913239200704440 /* Preview Assets.xcassets in Resources */,
				85925A1D2913239200704440 /* Assets.xcassets in Resources */,
			);
			runOnlyForDeploymentPostprocessing = 0;
		};
		85925A232913239200704440 /* Resources */ = {
			isa = PBXResourcesBuildPhase;
			buildActionMask = 2147483647;
			files = (
			);
			runOnlyForDeploymentPostprocessing = 0;
		};
		85925A2D2913239200704440 /* Resources */ = {
			isa = PBXResourcesBuildPhase;
			buildActionMask = 2147483647;
			files = (
			);
			runOnlyForDeploymentPostprocessing = 0;
		};
/* End PBXResourcesBuildPhase section */

/* Begin PBXSourcesBuildPhase section */
		85925A112913239100704440 /* Sources */ = {
			isa = PBXSourcesBuildPhase;
			buildActionMask = 2147483647;
			files = (
				85925A472913274500704440 /* Model.swift in Sources */,
				85925A452913244E00704440 /* SearchView.swift in Sources */,
				85925A4929138A3E00704440 /* SeriesMovieView.swift in Sources */,
				85925A43291323DB00704440 /* FavView.swift in Sources */,
				85925A1B2913239100704440 /* MainView.swift in Sources */,
				85925A4D29144E4F00704440 /* ActorView.swift in Sources */,
				85925A192913239100704440 /* ActorsV2App.swift in Sources */,
			);
			runOnlyForDeploymentPostprocessing = 0;
		};
		85925A212913239200704440 /* Sources */ = {
			isa = PBXSourcesBuildPhase;
			buildActionMask = 2147483647;
			files = (
				85925A2A2913239200704440 /* ActorsV2Tests.swift in Sources */,
			);
			runOnlyForDeploymentPostprocessing = 0;
		};
		85925A2B2913239200704440 /* Sources */ = {
			isa = PBXSourcesBuildPhase;
			buildActionMask = 2147483647;
			files = (
				85925A362913239200704440 /* ActorsV2UITestsLaunchTests.swift in Sources */,
				85925A342913239200704440 /* ActorsV2UITests.swift in Sources */,
			);
			runOnlyForDeploymentPostprocessing = 0;
		};
/* End PBXSourcesBuildPhase section */

/* Begin PBXTargetDependency section */
		85925A272913239200704440 /* PBXTargetDependency */ = {
			isa = PBXTargetDependency;
			target = 85925A142913239100704440 /* ActorsV2 */;
			targetProxy = 85925A262913239200704440 /* PBXContainerItemProxy */;
		};
		85925A312913239200704440 /* PBXTargetDependency */ = {
			isa = PBXTargetDependency;
			target = 85925A142913239100704440 /* ActorsV2 */;
			targetProxy = 85925A302913239200704440 /* PBXContainerItemProxy */;
		};
/* End PBXTargetDependency section */

/* Begin XCBuildConfiguration section */
		85925A372913239200704440 /* Debug */ = {
			isa = XCBuildConfiguration;
			buildSettings = {
				ALWAYS_SEARCH_USER_PATHS = NO;
				CLANG_ANALYZER_NONNULL = YES;
				CLANG_ANALYZER_NUMBER_OBJECT_CONVERSION = YES_AGGRESSIVE;
				CLANG_CXX_LANGUAGE_STANDARD = "gnu++17";
				CLANG_ENABLE_MODULES = YES;
				CLANG_ENABLE_OBJC_ARC = YES;
				CLANG_ENABLE_OBJC_WEAK = YES;
				CLANG_WARN_BLOCK_CAPTURE_AUTORELEASING = YES;
				CLANG_WARN_BOOL_CONVERSION = YES;
				CLANG_WARN_COMMA = YES;
				CLANG_WARN_CONSTANT_CONVERSION = YES;
				CLANG_WARN_DEPRECATED_OBJC_IMPLEMENTATIONS = YES;
				CLANG_WARN_DIRECT_OBJC_ISA_USAGE = YES_ERROR;
				CLANG_WARN_DOCUMENTATION_COMMENTS = YES;
				CLANG_WARN_EMPTY_BODY = YES;
				CLANG_WARN_ENUM_CONVERSION = YES;
				CLANG_WARN_INFINITE_RECURSION = YES;
				CLANG_WARN_INT_CONVERSION = YES;
				CLANG_WARN_NON_LITERAL_NULL_CONVERSION = YES;
				CLANG_WARN_OBJC_IMPLICIT_RETAIN_SELF = YES;
				CLANG_WARN_OBJC_LITERAL_CONVERSION = YES;
				CLANG_WARN_OBJC_ROOT_CLASS = YES_ERROR;
				CLANG_WARN_QUOTED_INCLUDE_IN_FRAMEWORK_HEADER = YES;
				CLANG_WARN_RANGE_LOOP_ANALYSIS = YES;
				CLANG_WARN_STRICT_PROTOTYPES = YES;
				CLANG_WARN_SUSPICIOUS_MOVE = YES;
				CLANG_WARN_UNGUARDED_AVAILABILITY = YES_AGGRESSIVE;
				CLANG_WARN_UNREACHABLE_CODE = YES;
				CLANG_WARN__DUPLICATE_METHOD_MATCH = YES;
				COPY_PHASE_STRIP = NO;
				DEBUG_INFORMATION_FORMAT = dwarf;
				ENABLE_STRICT_OBJC_MSGSEND = YES;
				ENABLE_TESTABILITY = YES;
				GCC_C_LANGUAGE_STANDARD = gnu11;
				GCC_DYNAMIC_NO_PIC = NO;
				GCC_NO_COMMON_BLOCKS = YES;
				GCC_OPTIMIZATION_LEVEL = 0;
				GCC_PREPROCESSOR_DEFINITIONS = (
					"DEBUG=1",
					"$(inherited)",
				);
				GCC_WARN_64_TO_32_BIT_CONVERSION = YES;
				GCC_WARN_ABOUT_RETURN_TYPE = YES_ERROR;
				GCC_WARN_UNDECLARED_SELECTOR = YES;
				GCC_WARN_UNINITIALIZED_AUTOS = YES_AGGRESSIVE;
				GCC_WARN_UNUSED_FUNCTION = YES;
				GCC_WARN_UNUSED_VARIABLE = YES;
				IPHONEOS_DEPLOYMENT_TARGET = 15.5;
				MTL_ENABLE_DEBUG_INFO = INCLUDE_SOURCE;
				MTL_FAST_MATH = YES;
				ONLY_ACTIVE_ARCH = YES;
				SDKROOT = iphoneos;
				SWIFT_ACTIVE_COMPILATION_CONDITIONS = DEBUG;
				SWIFT_OPTIMIZATION_LEVEL = "-Onone";
			};
			name = Debug;
		};
		85925A382913239200704440 /* Release */ = {
			isa = XCBuildConfiguration;
			buildSettings = {
				ALWAYS_SEARCH_USER_PATHS = NO;
				CLANG_ANALYZER_NONNULL = YES;
				CLANG_ANALYZER_NUMBER_OBJECT_CONVERSION = YES_AGGRESSIVE;
				CLANG_CXX_LANGUAGE_STANDARD = "gnu++17";
				CLANG_ENABLE_MODULES = YES;
				CLANG_ENABLE_OBJC_ARC = YES;
				CLANG_ENABLE_OBJC_WEAK = YES;
				CLANG_WARN_BLOCK_CAPTURE_AUTORELEASING = YES;
				CLANG_WARN_BOOL_CONVERSION = YES;
				CLANG_WARN_COMMA = YES;
				CLANG_WARN_CONSTANT_CONVERSION = YES;
				CLANG_WARN_DEPRECATED_OBJC_IMPLEMENTATIONS = YES;
				CLANG_WARN_DIRECT_OBJC_ISA_USAGE = YES_ERROR;
				CLANG_WARN_DOCUMENTATION_COMMENTS = YES;
				CLANG_WARN_EMPTY_BODY = YES;
				CLANG_WARN_ENUM_CONVERSION = YES;
				CLANG_WARN_INFINITE_RECURSION = YES;
				CLANG_WARN_INT_CONVERSION = YES;
				CLANG_WARN_NON_LITERAL_NULL_CONVERSION = YES;
				CLANG_WARN_OBJC_IMPLICIT_RETAIN_SELF = YES;
				CLANG_WARN_OBJC_LITERAL_CONVERSION = YES;
				CLANG_WARN_OBJC_ROOT_CLASS = YES_ERROR;
				CLANG_WARN_QUOTED_INCLUDE_IN_FRAMEWORK_HEADER = YES;
				CLANG_WARN_RANGE_LOOP_ANALYSIS = YES;
				CLANG_WARN_STRICT_PROTOTYPES = YES;
				CLANG_WARN_SUSPICIOUS_MOVE = YES;
				CLANG_WARN_UNGUARDED_AVAILABILITY = YES_AGGRESSIVE;
				CLANG_WARN_UNREACHABLE_CODE = YES;
				CLANG_WARN__DUPLICATE_METHOD_MATCH = YES;
				COPY_PHASE_STRIP = NO;
				DEBUG_INFORMATION_FORMAT = "dwarf-with-dsym";
				ENABLE_NS_ASSERTIONS = NO;
				ENABLE_STRICT_OBJC_MSGSEND = YES;
				GCC_C_LANGUAGE_STANDARD = gnu11;
				GCC_NO_COMMON_BLOCKS = YES;
				GCC_WARN_64_TO_32_BIT_CONVERSION = YES;
				GCC_WARN_ABOUT_RETURN_TYPE = YES_ERROR;
				GCC_WARN_UNDECLARED_SELECTOR = YES;
				GCC_WARN_UNINITIALIZED_AUTOS = YES_AGGRESSIVE;
				GCC_WARN_UNUSED_FUNCTION = YES;
				GCC_WARN_UNUSED_VARIABLE = YES;
				IPHONEOS_DEPLOYMENT_TARGET = 15.5;
				MTL_ENABLE_DEBUG_INFO = NO;
				MTL_FAST_MATH = YES;
				SDKROOT = iphoneos;
				SWIFT_COMPILATION_MODE = wholemodule;
				SWIFT_OPTIMIZATION_LEVEL = "-O";
				VALIDATE_PRODUCT = YES;
			};
			name = Release;
		};
		85925A3A2913239200704440 /* Debug */ = {
			isa = XCBuildConfiguration;
			buildSettings = {
				ASSETCATALOG_COMPILER_APPICON_NAME = AppIcon;
				ASSETCATALOG_COMPILER_GLOBAL_ACCENT_COLOR_NAME = AccentColor;
				CODE_SIGN_STYLE = Automatic;
				CURRENT_PROJECT_VERSION = 1;
				DEVELOPMENT_ASSET_PATHS = "\"ActorsV2/Preview Content\"";
				ENABLE_PREVIEWS = YES;
				GENERATE_INFOPLIST_FILE = YES;
				INFOPLIST_KEY_UIApplicationSceneManifest_Generation = YES;
				INFOPLIST_KEY_UIApplicationSupportsIndirectInputEvents = YES;
				INFOPLIST_KEY_UILaunchScreen_Generation = YES;
				INFOPLIST_KEY_UISupportedInterfaceOrientations_iPad = "UIInterfaceOrientationPortrait UIInterfaceOrientationPortraitUpsideDown UIInterfaceOrientationLandscapeLeft UIInterfaceOrientationLandscapeRight";
				INFOPLIST_KEY_UISupportedInterfaceOrientations_iPhone = "UIInterfaceOrientationPortrait UIInterfaceOrientationLandscapeLeft UIInterfaceOrientationLandscapeRight";
				LD_RUNPATH_SEARCH_PATHS = (
					"$(inherited)",
					"@executable_path/Frameworks",
				);
				MARKETING_VERSION = 1.0;
				PRODUCT_BUNDLE_IDENTIFIER = com.lawrence.ActorsV2;
				PRODUCT_NAME = "$(TARGET_NAME)";
				SWIFT_EMIT_LOC_STRINGS = YES;
				SWIFT_VERSION = 5.0;
				TARGETED_DEVICE_FAMILY = "1,2";
			};
			name = Debug;
		};
		85925A3B2913239200704440 /* Release */ = {
			isa = XCBuildConfiguration;
			buildSettings = {
				ASSETCATALOG_COMPILER_APPICON_NAME = AppIcon;
				ASSETCATALOG_COMPILER_GLOBAL_ACCENT_COLOR_NAME = AccentColor;
				CODE_SIGN_STYLE = Automatic;
				CURRENT_PROJECT_VERSION = 1;
				DEVELOPMENT_ASSET_PATHS = "\"ActorsV2/Preview Content\"";
				ENABLE_PREVIEWS = YES;
				GENERATE_INFOPLIST_FILE = YES;
				INFOPLIST_KEY_UIApplicationSceneManifest_Generation = YES;
				INFOPLIST_KEY_UIApplicationSupportsIndirectInputEvents = YES;
				INFOPLIST_KEY_UILaunchScreen_Generation = YES;
				INFOPLIST_KEY_UISupportedInterfaceOrientations_iPad = "UIInterfaceOrientationPortrait UIInterfaceOrientationPortraitUpsideDown UIInterfaceOrientationLandscapeLeft UIInterfaceOrientationLandscapeRight";
				INFOPLIST_KEY_UISupportedInterfaceOrientations_iPhone = "UIInterfaceOrientationPortrait UIInterfaceOrientationLandscapeLeft UIInterfaceOrientationLandscapeRight";
				LD_RUNPATH_SEARCH_PATHS = (
					"$(inherited)",
					"@executable_path/Frameworks",
				);
				MARKETING_VERSION = 1.0;
				PRODUCT_BUNDLE_IDENTIFIER = com.lawrence.ActorsV2;
				PRODUCT_NAME = "$(TARGET_NAME)";
				SWIFT_EMIT_LOC_STRINGS = YES;
				SWIFT_VERSION = 5.0;
				TARGETED_DEVICE_FAMILY = "1,2";
			};
			name = Release;
		};
		85925A3D2913239200704440 /* Debug */ = {
			isa = XCBuildConfiguration;
			buildSettings = {
				ALWAYS_EMBED_SWIFT_STANDARD_LIBRARIES = YES;
				BUNDLE_LOADER = "$(TEST_HOST)";
				CODE_SIGN_STYLE = Automatic;
				CURRENT_PROJECT_VERSION = 1;
				GENERATE_INFOPLIST_FILE = YES;
				IPHONEOS_DEPLOYMENT_TARGET = 15.5;
				MARKETING_VERSION = 1.0;
				PRODUCT_BUNDLE_IDENTIFIER = com.lawrence.ActorsV2Tests;
				PRODUCT_NAME = "$(TARGET_NAME)";
				SWIFT_EMIT_LOC_STRINGS = NO;
				SWIFT_VERSION = 5.0;
				TARGETED_DEVICE_FAMILY = "1,2";
				TEST_HOST = "$(BUILT_PRODUCTS_DIR)/ActorsV2.app/ActorsV2";
			};
			name = Debug;
		};
		85925A3E2913239200704440 /* Release */ = {
			isa = XCBuildConfiguration;
			buildSettings = {
				ALWAYS_EMBED_SWIFT_STANDARD_LIBRARIES = YES;
				BUNDLE_LOADER = "$(TEST_HOST)";
				CODE_SIGN_STYLE = Automatic;
				CURRENT_PROJECT_VERSION = 1;
				GENERATE_INFOPLIST_FILE = YES;
				IPHONEOS_DEPLOYMENT_TARGET = 15.5;
				MARKETING_VERSION = 1.0;
				PRODUCT_BUNDLE_IDENTIFIER = com.lawrence.ActorsV2Tests;
				PRODUCT_NAME = "$(TARGET_NAME)";
				SWIFT_EMIT_LOC_STRINGS = NO;
				SWIFT_VERSION = 5.0;
				TARGETED_DEVICE_FAMILY = "1,2";
				TEST_HOST = "$(BUILT_PRODUCTS_DIR)/ActorsV2.app/ActorsV2";
			};
			name = Release;
		};
		85925A402913239200704440 /* Debug */ = {
			isa = XCBuildConfiguration;
			buildSettings = {
				ALWAYS_EMBED_SWIFT_STANDARD_LIBRARIES = YES;
				CODE_SIGN_STYLE = Automatic;
				CURRENT_PROJECT_VERSION = 1;
				GENERATE_INFOPLIST_FILE = YES;
				MARKETING_VERSION = 1.0;
				PRODUCT_BUNDLE_IDENTIFIER = com.lawrence.ActorsV2UITests;
				PRODUCT_NAME = "$(TARGET_NAME)";
				SWIFT_EMIT_LOC_STRINGS = NO;
				SWIFT_VERSION = 5.0;
				TARGETED_DEVICE_FAMILY = "1,2";
				TEST_TARGET_NAME = ActorsV2;
			};
			name = Debug;
		};
		85925A412913239200704440 /* Release */ = {
			isa = XCBuildConfiguration;
			buildSettings = {
				ALWAYS_EMBED_SWIFT_STANDARD_LIBRARIES = YES;
				CODE_SIGN_STYLE = Automatic;
				CURRENT_PROJECT_VERSION = 1;
				GENERATE_INFOPLIST_FILE = YES;
				MARKETING_VERSION = 1.0;
				PRODUCT_BUNDLE_IDENTIFIER = com.lawrence.ActorsV2UITests;
				PRODUCT_NAME = "$(TARGET_NAME)";
				SWIFT_EMIT_LOC_STRINGS = NO;
				SWIFT_VERSION = 5.0;
				TARGETED_DEVICE_FAMILY = "1,2";
				TEST_TARGET_NAME = ActorsV2;
			};
			name = Release;
		};
/* End XCBuildConfiguration section */

/* Begin XCConfigurationList section */
		85925A102913239100704440 /* Build configuration list for PBXProject "ActorsV2" */ = {
			isa = XCConfigurationList;
			buildConfigurations = (
				85925A372913239200704440 /* Debug */,
				85925A382913239200704440 /* Release */,
			);
			defaultConfigurationIsVisible = 0;
			defaultConfigurationName = Release;
		};
		85925A392913239200704440 /* Build configuration list for PBXNativeTarget "ActorsV2" */ = {
			isa = XCConfigurationList;
			buildConfigurations = (
				85925A3A2913239200704440 /* Debug */,
				85925A3B2913239200704440 /* Release */,
			);
			defaultConfigurationIsVisible = 0;
			defaultConfigurationName = Release;
		};
		85925A3C2913239200704440 /* Build configuration list for PBXNativeTarget "ActorsV2Tests" */ = {
			isa = XCConfigurationList;
			buildConfigurations = (
				85925A3D2913239200704440 /* Debug */,
				85925A3E2913239200704440 /* Release */,
			);
			defaultConfigurationIsVisible = 0;
			defaultConfigurationName = Release;
		};
		85925A3F2913239200704440 /* Build configuration list for PBXNativeTarget "ActorsV2UITests" */ = {
			isa = XCConfigurationList;
			buildConfigurations = (
				85925A402913239200704440 /* Debug */,
				85925A412913239200704440 /* Release */,
			);
			defaultConfigurationIsVisible = 0;
			defaultConfigurationName = Release;
		};
/* End XCConfigurationList section */
	};
	rootObject = 85925A0D2913239100704440 /* Project object */;
}
